
Microsoft Visual Studio Solution File, Format Version 12.00
# Visual Studio Version 17
VisualStudioVersion = 17.0.31919.166
MinimumVisualStudioVersion = 10.0.40219.1
Project("{888888A0-9F3D-457C-B088-3A5042F75D52}") = "SVD Projects", "SVD Projects\SVD Projects.pyproj", "{0A9B14D0-17F6-4472-838C-20BC26F36D6A}"
EndProject
Global
	GlobalSection(SolutionConfigurationPlatforms) = preSolution
		Debug|Any CPU = Debug|Any CPU
		Release|Any CPU = Release|Any CPU
	EndGlobalSection
	GlobalSection(ProjectConfigurationPlatforms) = postSolution
		{0A9B14D0-17F6-4472-838C-20BC26F36D6A}.Debug|Any CPU.ActiveCfg = Debug|Any CPU
		{0A9B14D0-17F6-4472-838C-20BC26F36D6A}.Release|Any CPU.ActiveCfg = Release|Any CPU
	EndGlobalSection
	GlobalSection(SolutionProperties) = preSolution
		HideSolutionNode = FALSE
	EndGlobalSection
	GlobalSection(ExtensibilityGlobals) = postSolution
		SolutionGuid = {A36C8118-7E69-43D8-B4CD-D6417DF4153C}
	EndGlobalSection
EndGlobal
